
Microsoft Visual Studio Solution File, Format Version 12.00
# Visual Studio Version 17
VisualStudioVersion = 17.9.34607.119
MinimumVisualStudioVersion = 10.0.40219.1
Project("{FAE04EC0-301F-11D3-BF4B-00C04F79EFBC}") = "FootballLeagueManager", "FootballLeagueManager\FootballLeagueManager.csproj", "{05A53DC5-D745-44D4-8CAC-87B9AD2730DF}"
EndProject
Global
	GlobalSection(SolutionConfigurationPlatforms) = preSolution
		Debug|Any CPU = Debug|Any CPU
		Release|Any CPU = Release|Any CPU
	EndGlobalSection
	GlobalSection(ProjectConfigurationPlatforms) = postSolution
		{05A53DC5-D745-44D4-8CAC-87B9AD2730DF}.Debug|Any CPU.ActiveCfg = Debug|Any CPU
		{05A53DC5-D745-44D4-8CAC-87B9AD2730DF}.Debug|Any CPU.Build.0 = Debug|Any CPU
		{05A53DC5-D745-44D4-8CAC-87B9AD2730DF}.Release|Any CPU.ActiveCfg = Release|Any CPU
		{05A53DC5-D745-44D4-8CAC-87B9AD2730DF}.Release|Any CPU.Build.0 = Release|Any CPU
	EndGlobalSection
	GlobalSection(SolutionProperties) = preSolution
		HideSolutionNode = FALSE
	EndGlobalSection
	GlobalSection(ExtensibilityGlobals) = postSolution
		SolutionGuid = {382A5F87-CD82-43EE-B2EB-00AF665A1E8E}
	EndGlobalSection
EndGlobal
